// !$*UTF8*$!
{
	archiveVersion = 1;
	classes = {
	};
	objectVersion = 51;
	objects = {

/* Begin PBXBuildFile section */
		91F4FC9FB1ED51AF211811AF /* Pods_CocoapodIssueChangeCompatibilityVersion.framework in Frameworks */ = {isa = PBXBuildFile; fileRef = E31568A83520AA4287DC46A3 /* Pods_CocoapodIssueChangeCompatibilityVersion.framework */; };
		EF9BB043231EEF4E00EFE3BA /* AppDelegate.swift in Sources */ = {isa = PBXBuildFile; fileRef = EF9BB042231EEF4E00EFE3BA /* AppDelegate.swift */; };
		EF9BB045231EEF4E00EFE3BA /* ViewController.swift in Sources */ = {isa = PBXBuildFile; fileRef = EF9BB044231EEF4E00EFE3BA /* ViewController.swift */; };
		EF9BB048231EEF4E00EFE3BA /* Main.storyboard in Resources */ = {isa = PBXBuildFile; fileRef = EF9BB046231EEF4E00EFE3BA /* Main.storyboard */; };
		EF9BB04A231EEF4F00EFE3BA /* Assets.xcassets in Resources */ = {isa = PBXBuildFile; fileRef = EF9BB049231EEF4F00EFE3BA /* Assets.xcassets */; };
		EF9BB04D231EEF4F00EFE3BA /* LaunchScreen.storyboard in Resources */ = {isa = PBXBuildFile; fileRef = EF9BB04B231EEF4F00EFE3BA /* LaunchScreen.storyboard */; };
/* End PBXBuildFile section */

/* Begin PBXFileReference section */
		1BEBD93F71A287E36820A5B7 /* Pods-CocoapodIssueChangeCompatibilityVersion.debug.xcconfig */ = {isa = PBXFileReference; includeInIndex = 1; lastKnownFileType = text.xcconfig; name = "Pods-CocoapodIssueChangeCompatibilityVersion.debug.xcconfig"; path = "Target Support Files/Pods-CocoapodIssueChangeCompatibilityVersion/Pods-CocoapodIssueChangeCompatibilityVersion.debug.xcconfig"; sourceTree = "<group>"; };
		D60D31FEDA802BCDBDF28B17 /* Pods-CocoapodIssueChangeCompatibilityVersion.release.xcconfig */ = {isa = PBXFileReference; includeInIndex = 1; lastKnownFileType = text.xcconfig; name = "Pods-CocoapodIssueChangeCompatibilityVersion.release.xcconfig"; path = "Target Support Files/Pods-CocoapodIssueChangeCompatibilityVersion/Pods-CocoapodIssueChangeCompatibilityVersion.release.xcconfig"; sourceTree = "<group>"; };
		E31568A83520AA4287DC46A3 /* Pods_CocoapodIssueChangeCompatibilityVersion.framework */ = {isa = PBXFileReference; explicitFileType = wrapper.framework; includeInIndex = 0; path = Pods_CocoapodIssueChangeCompatibilityVersion.framework; sourceTree = BUILT_PRODUCTS_DIR; };
		EF9BB03F231EEF4E00EFE3BA /* CocoapodIssueChangeCompatibilityVersion.app */ = {isa = PBXFileReference; explicitFileType = wrapper.application; includeInIndex = 0; path = CocoapodIssueChangeCompatibilityVersion.app; sourceTree = BUILT_PRODUCTS_DIR; };
		EF9BB042231EEF4E00EFE3BA /* AppDelegate.swift */ = {isa = PBXFileReference; lastKnownFileType = sourcecode.swift; path = AppDelegate.swift; sourceTree = "<group>"; };
		EF9BB044231EEF4E00EFE3BA /* ViewController.swift */ = {isa = PBXFileReference; lastKnownFileType = sourcecode.swift; path = ViewController.swift; sourceTree = "<group>"; };
		EF9BB047231EEF4E00EFE3BA /* Base */ = {isa = PBXFileReference; lastKnownFileType = file.storyboard; name = Base; path = Base.lproj/Main.storyboard; sourceTree = "<group>"; };
		EF9BB049231EEF4F00EFE3BA /* Assets.xcassets */ = {isa = PBXFileReference; lastKnownFileType = folder.assetcatalog; path = Assets.xcassets; sourceTree = "<group>"; };
		EF9BB04C231EEF4F00EFE3BA /* Base */ = {isa = PBXFileReference; lastKnownFileType = file.storyboard; name = Base; path = Base.lproj/LaunchScreen.storyboard; sourceTree = "<group>"; };
		EF9BB04E231EEF4F00EFE3BA /* Info.plist */ = {isa = PBXFileReference; lastKnownFileType = text.plist.xml; path = Info.plist; sourceTree = "<group>"; };
/* End PBXFileReference section */

/* Begin PBXFrameworksBuildPhase section */
		EF9BB03C231EEF4E00EFE3BA /* Frameworks */ = {
			isa = PBXFrameworksBuildPhase;
			buildActionMask = 2147483647;
			files = (
				91F4FC9FB1ED51AF211811AF /* Pods_CocoapodIssueChangeCompatibilityVersion.framework in Frameworks */,
			);
			runOnlyForDeploymentPostprocessing = 0;
		};
/* End PBXFrameworksBuildPhase section */

/* Begin PBXGroup section */
		4C9579DCA59FBC7CB6972D9A /* Pods */ = {
			isa = PBXGroup;
			children = (
				1BEBD93F71A287E36820A5B7 /* Pods-CocoapodIssueChangeCompatibilityVersion.debug.xcconfig */,
				D60D31FEDA802BCDBDF28B17 /* Pods-CocoapodIssueChangeCompatibilityVersion.release.xcconfig */,
			);
			path = Pods;
			sourceTree = "<group>";
		};
		CB350F2248C30537EEC28A17 /* Frameworks */ = {
			isa = PBXGroup;
			children = (
				E31568A83520AA4287DC46A3 /* Pods_CocoapodIssueChangeCompatibilityVersion.framework */,
			);
			name = Frameworks;
			sourceTree = "<group>";
		};
		EF9BB036231EEF4E00EFE3BA = {
			isa = PBXGroup;
			children = (
				EF9BB041231EEF4E00EFE3BA /* CocoapodIssueChangeCompatibilityVersion */,
				EF9BB040231EEF4E00EFE3BA /* Products */,
				4C9579DCA59FBC7CB6972D9A /* Pods */,
				CB350F2248C30537EEC28A17 /* Frameworks */,
			);
			sourceTree = "<group>";
		};
		EF9BB040231EEF4E00EFE3BA /* Products */ = {
			isa = PBXGroup;
			children = (
				EF9BB03F231EEF4E00EFE3BA /* CocoapodIssueChangeCompatibilityVersion.app */,
			);
			name = Products;
			sourceTree = "<group>";
		};
		EF9BB041231EEF4E00EFE3BA /* CocoapodIssueChangeCompatibilityVersion */ = {
			isa = PBXGroup;
			children = (
				EF9BB042231EEF4E00EFE3BA /* AppDelegate.swift */,
				EF9BB044231EEF4E00EFE3BA /* ViewController.swift */,
				EF9BB046231EEF4E00EFE3BA /* Main.storyboard */,
				EF9BB049231EEF4F00EFE3BA /* Assets.xcassets */,
				EF9BB04B231EEF4F00EFE3BA /* LaunchScreen.storyboard */,
				EF9BB04E231EEF4F00EFE3BA /* Info.plist */,
			);
			path = CocoapodIssueChangeCompatibilityVersion;
			sourceTree = "<group>";
		};
/* End PBXGroup section */

/* Begin PBXNativeTarget section */
		EF9BB03E231EEF4E00EFE3BA /* CocoapodIssueChangeCompatibilityVersion */ = {
			isa = PBXNativeTarget;
			buildConfigurationList = EF9BB051231EEF4F00EFE3BA /* Build configuration list for PBXNativeTarget "CocoapodIssueChangeCompatibilityVersion" */;
			buildPhases = (
				2F65908521BF906E1702AC6D /* [CP] Check Pods Manifest.lock */,
				EF9BB03B231EEF4E00EFE3BA /* Sources */,
				EF9BB03C231EEF4E00EFE3BA /* Frameworks */,
				EF9BB03D231EEF4E00EFE3BA /* Resources */,
				22AEEEB39C0042DE9238FBDA /* [CP] Embed Pods Frameworks */,
			);
			buildRules = (
			);
			dependencies = (
			);
			name = CocoapodIssueChangeCompatibilityVersion;
			productName = CocoapodIssueChangeCompatibilityVersion;
			productReference = EF9BB03F231EEF4E00EFE3BA /* CocoapodIssueChangeCompatibilityVersion.app */;
			productType = "com.apple.product-type.application";
		};
/* End PBXNativeTarget section */

/* Begin PBXProject section */
		EF9BB037231EEF4E00EFE3BA /* Project object */ = {
			isa = PBXProject;
			attributes = {
				LastSwiftUpdateCheck = 1030;
				LastUpgradeCheck = 1030;
				ORGANIZATIONNAME = Maxim;
				TargetAttributes = {
					EF9BB03E231EEF4E00EFE3BA = {
						CreatedOnToolsVersion = 10.3;
					};
				};
			};
			buildConfigurationList = EF9BB03A231EEF4E00EFE3BA /* Build configuration list for PBXProject "CocoapodIssueChangeCompatibilityVersion" */;
			compatibilityVersion = "Xcode 8.0";
			developmentRegion = en;
			hasScannedForEncodings = 0;
			knownRegions = (
				en,
				Base,
			);
			mainGroup = EF9BB036231EEF4E00EFE3BA;
			productRefGroup = EF9BB040231EEF4E00EFE3BA /* Products */;
			projectDirPath = "";
			projectRoot = "";
			targets = (
				EF9BB03E231EEF4E00EFE3BA /* CocoapodIssueChangeCompatibilityVersion */,
			);
		};
/* End PBXProject section */

/* Begin PBXResourcesBuildPhase section */
		EF9BB03D231EEF4E00EFE3BA /* Resources */ = {
			isa = PBXResourcesBuildPhase;
			buildActionMask = 2147483647;
			files = (
				EF9BB04D231EEF4F00EFE3BA /* LaunchScreen.storyboard in Resources */,
				EF9BB04A231EEF4F00EFE3BA /* Assets.xcassets in Resources */,
				EF9BB048231EEF4E00EFE3BA /* Main.storyboard in Resources */,
			);
			runOnlyForDeploymentPostprocessing = 0;
		};
/* End PBXResourcesBuildPhase section */

/* Begin PBXShellScriptBuildPhase section */
		22AEEEB39C0042DE9238FBDA /* [CP] Embed Pods Frameworks */ = {
			isa = PBXShellScriptBuildPhase;
			buildActionMask = 2147483647;
			files = (
			);
			inputFileListPaths = (
				"${PODS_ROOT}/Target Support Files/Pods-CocoapodIssueChangeCompatibilityVersion/Pods-CocoapodIssueChangeCompatibilityVersion-frameworks-${CONFIGURATION}-input-files.xcfilelist",
			);
			name = "[CP] Embed Pods Frameworks";
			outputFileListPaths = (
				"${PODS_ROOT}/Target Support Files/Pods-CocoapodIssueChangeCompatibilityVersion/Pods-CocoapodIssueChangeCompatibilityVersion-frameworks-${CONFIGURATION}-output-files.xcfilelist",
			);
			runOnlyForDeploymentPostprocessing = 0;
			shellPath = /bin/sh;
			shellScript = "\"${PODS_ROOT}/Target Support Files/Pods-CocoapodIssueChangeCompatibilityVersion/Pods-CocoapodIssueChangeCompatibilityVersion-frameworks.sh\"\n";
			showEnvVarsInLog = 0;
		};
		2F65908521BF906E1702AC6D /* [CP] Check Pods Manifest.lock */ = {
			isa = PBXShellScriptBuildPhase;
			buildActionMask = 2147483647;
			files = (
			);
			inputFileListPaths = (
			);
			inputPaths = (
				"${PODS_PODFILE_DIR_PATH}/Podfile.lock",
				"${PODS_ROOT}/Manifest.lock",
			);
			name = "[CP] Check Pods Manifest.lock";
			outputFileListPaths = (
			);
			outputPaths = (
				"$(DERIVED_FILE_DIR)/Pods-CocoapodIssueChangeCompatibilityVersion-checkManifestLockResult.txt",
			);
			runOnlyForDeploymentPostprocessing = 0;
			shellPath = /bin/sh;
			shellScript = "diff \"${PODS_PODFILE_DIR_PATH}/Podfile.lock\" \"${PODS_ROOT}/Manifest.lock\" > /dev/null\nif [ $? != 0 ] ; then\n    # print error to STDERR\n    echo \"error: The sandbox is not in sync with the Podfile.lock. Run 'pod install' or update your CocoaPods installation.\" >&2\n    exit 1\nfi\n# This output is used by Xcode 'outputs' to avoid re-running this script phase.\necho \"SUCCESS\" > \"${SCRIPT_OUTPUT_FILE_0}\"\n";
			showEnvVarsInLog = 0;
		};
/* End PBXShellScriptBuildPhase section */

/* Begin PBXSourcesBuildPhase section */
		EF9BB03B231EEF4E00EFE3BA /* Sources */ = {
			isa = PBXSourcesBuildPhase;
			buildActionMask = 2147483647;
			files = (
				EF9BB045231EEF4E00EFE3BA /* ViewController.swift in Sources */,
				EF9BB043231EEF4E00EFE3BA /* AppDelegate.swift in Sources */,
			);
			runOnlyForDeploymentPostprocessing = 0;
		};
/* End PBXSourcesBuildPhase section */

/* Begin PBXVariantGroup section */
		EF9BB046231EEF4E00EFE3BA /* Main.storyboard */ = {
			isa = PBXVariantGroup;
			children = (
				EF9BB047231EEF4E00EFE3BA /* Base */,
			);
			name = Main.storyboard;
			sourceTree = "<group>";
		};
		EF9BB04B231EEF4F00EFE3BA /* LaunchScreen.storyboard */ = {
			isa = PBXVariantGroup;
			children = (
				EF9BB04C231EEF4F00EFE3BA /* Base */,
			);
			name = LaunchScreen.storyboard;
			sourceTree = "<group>";
		};
/* End PBXVariantGroup section */

/* Begin XCBuildConfiguration section */
		EF9BB04F231EEF4F00EFE3BA /* Debug */ = {
			isa = XCBuildConfiguration;
			buildSettings = {
				ALWAYS_SEARCH_USER_PATHS = NO;
				CLANG_ANALYZER_NONNULL = YES;
				CLANG_ANALYZER_NUMBER_OBJECT_CONVERSION = YES_AGGRESSIVE;
				CLANG_CXX_LANGUAGE_STANDARD = "gnu++14";
				CLANG_CXX_LIBRARY = "libc++";
				CLANG_ENABLE_MODULES = YES;
				CLANG_ENABLE_OBJC_ARC = YES;
				CLANG_ENABLE_OBJC_WEAK = YES;
				CLANG_WARN_BLOCK_CAPTURE_AUTORELEASING = YES;
				CLANG_WARN_BOOL_CONVERSION = YES;
				CLANG_WARN_COMMA = YES;
				CLANG_WARN_CONSTANT_CONVERSION = YES;
				CLANG_WARN_DEPRECATED_OBJC_IMPLEMENTATIONS = YES;
				CLANG_WARN_DIRECT_OBJC_ISA_USAGE = YES_ERROR;
				CLANG_WARN_DOCUMENTATION_COMMENTS = YES;
				CLANG_WARN_EMPTY_BODY = YES;
				CLANG_WARN_ENUM_CONVERSION = YES;
				CLANG_WARN_INFINITE_RECURSION = YES;
				CLANG_WARN_INT_CONVERSION = YES;
				CLANG_WARN_NON_LITERAL_NULL_CONVERSION = YES;
				CLANG_WARN_OBJC_IMPLICIT_RETAIN_SELF = YES;
				CLANG_WARN_OBJC_LITERAL_CONVERSION = YES;
				CLANG_WARN_OBJC_ROOT_CLASS = YES_ERROR;
				CLANG_WARN_RANGE_LOOP_ANALYSIS = YES;
				CLANG_WARN_STRICT_PROTOTYPES = YES;
				CLANG_WARN_SUSPICIOUS_MOVE = YES;
				CLANG_WARN_UNGUARDED_AVAILABILITY = YES_AGGRESSIVE;
				CLANG_WARN_UNREACHABLE_CODE = YES;
				CLANG_WARN__DUPLICATE_METHOD_MATCH = YES;
				CODE_SIGN_IDENTITY = "iPhone Developer";
				COPY_PHASE_STRIP = NO;
				DEBUG_INFORMATION_FORMAT = dwarf;
				ENABLE_STRICT_OBJC_MSGSEND = YES;
				ENABLE_TESTABILITY = YES;
				GCC_C_LANGUAGE_STANDARD = gnu11;
				GCC_DYNAMIC_NO_PIC = NO;
				GCC_NO_COMMON_BLOCKS = YES;
				GCC_OPTIMIZATION_LEVEL = 0;
				GCC_PREPROCESSOR_DEFINITIONS = (
					"DEBUG=1",
					"$(inherited)",
				);
				GCC_WARN_64_TO_32_BIT_CONVERSION = YES;
				GCC_WARN_ABOUT_RETURN_TYPE = YES_ERROR;
				GCC_WARN_UNDECLARED_SELECTOR = YES;
				GCC_WARN_UNINITIALIZED_AUTOS = YES_AGGRESSIVE;
				GCC_WARN_UNUSED_FUNCTION = YES;
				GCC_WARN_UNUSED_VARIABLE = YES;
				IPHONEOS_DEPLOYMENT_TARGET = 12.4;
				MTL_ENABLE_DEBUG_INFO = INCLUDE_SOURCE;
				MTL_FAST_MATH = YES;
				ONLY_ACTIVE_ARCH = YES;
				SDKROOT = iphoneos;
				SWIFT_ACTIVE_COMPILATION_CONDITIONS = DEBUG;
				SWIFT_OPTIMIZATION_LEVEL = "-Onone";
			};
			name = Debug;
		};
		EF9BB050231EEF4F00EFE3BA /* Release */ = {
			isa = XCBuildConfiguration;
			buildSettings = {
				ALWAYS_SEARCH_USER_PATHS = NO;
				CLANG_ANALYZER_NONNULL = YES;
				CLANG_ANALYZER_NUMBER_OBJECT_CONVERSION = YES_AGGRESSIVE;
				CLANG_CXX_LANGUAGE_STANDARD = "gnu++14";
				CLANG_CXX_LIBRARY = "libc++";
				CLANG_ENABLE_MODULES = YES;
				CLANG_ENABLE_OBJC_ARC = YES;
				CLANG_ENABLE_OBJC_WEAK = YES;
				CLANG_WARN_BLOCK_CAPTURE_AUTORELEASING = YES;
				CLANG_WARN_BOOL_CONVERSION = YES;
				CLANG_WARN_COMMA = YES;
				CLANG_WARN_CONSTANT_CONVERSION = YES;
				CLANG_WARN_DEPRECATED_OBJC_IMPLEMENTATIONS = YES;
				CLANG_WARN_DIRECT_OBJC_ISA_USAGE = YES_ERROR;
				CLANG_WARN_DOCUMENTATION_COMMENTS = YES;
				CLANG_WARN_EMPTY_BODY = YES;
				CLANG_WARN_ENUM_CONVERSION = YES;
				CLANG_WARN_INFINITE_RECURSION = YES;
				CLANG_WARN_INT_CONVERSION = YES;
				CLANG_WARN_NON_LITERAL_NULL_CONVERSION = YES;
				CLANG_WARN_OBJC_IMPLICIT_RETAIN_SELF = YES;
				CLANG_WARN_OBJC_LITERAL_CONVERSION = YES;
				CLANG_WARN_OBJC_ROOT_CLASS = YES_ERROR;
				CLANG_WARN_RANGE_LOOP_ANALYSIS = YES;
				CLANG_WARN_STRICT_PROTOTYPES = YES;
				CLANG_WARN_SUSPICIOUS_MOVE = YES;
				CLANG_WARN_UNGUARDED_AVAILABILITY = YES_AGGRESSIVE;
				CLANG_WARN_UNREACHABLE_CODE = YES;
				CLANG_WARN__DUPLICATE_METHOD_MATCH = YES;
				CODE_SIGN_IDENTITY = "iPhone Developer";
				COPY_PHASE_STRIP = NO;
				DEBUG_INFORMATION_FORMAT = "dwarf-with-dsym";
				ENABLE_NS_ASSERTIONS = NO;
				ENABLE_STRICT_OBJC_MSGSEND = YES;
				GCC_C_LANGUAGE_STANDARD = gnu11;
				GCC_NO_COMMON_BLOCKS = YES;
				GCC_WARN_64_TO_32_BIT_CONVERSION = YES;
				GCC_WARN_ABOUT_RETURN_TYPE = YES_ERROR;
				GCC_WARN_UNDECLARED_SELECTOR = YES;
				GCC_WARN_UNINITIALIZED_AUTOS = YES_AGGRESSIVE;
				GCC_WARN_UNUSED_FUNCTION = YES;
				GCC_WARN_UNUSED_VARIABLE = YES;
				IPHONEOS_DEPLOYMENT_TARGET = 12.4;
				MTL_ENABLE_DEBUG_INFO = NO;
				MTL_FAST_MATH = YES;
				SDKROOT = iphoneos;
				SWIFT_COMPILATION_MODE = wholemodule;
				SWIFT_OPTIMIZATION_LEVEL = "-O";
				VALIDATE_PRODUCT = YES;
			};
			name = Release;
		};
		EF9BB052231EEF4F00EFE3BA /* Debug */ = {
			isa = XCBuildConfiguration;
			baseConfigurationReference = 1BEBD93F71A287E36820A5B7 /* Pods-CocoapodIssueChangeCompatibilityVersion.debug.xcconfig */;
			buildSettings = {
				ASSETCATALOG_COMPILER_APPICON_NAME = AppIcon;
				CODE_SIGN_STYLE = Automatic;
				DEVELOPMENT_TEAM = 8962NBL4F2;
				INFOPLIST_FILE = CocoapodIssueChangeCompatibilityVersion/Info.plist;
				LD_RUNPATH_SEARCH_PATHS = (
					"$(inherited)",
					"@executable_path/Frameworks",
				);
				PRODUCT_BUNDLE_IDENTIFIER = net.speakus.CocoapodIssueChangeCompatibilityVersion;
				PRODUCT_NAME = "$(TARGET_NAME)";
				SWIFT_VERSION = 5.0;
				TARGETED_DEVICE_FAMILY = "1,2";
			};
			name = Debug;
		};
		EF9BB053231EEF4F00EFE3BA /* Release */ = {
			isa = XCBuildConfiguration;
			baseConfigurationReference = D60D31FEDA802BCDBDF28B17 /* Pods-CocoapodIssueChangeCompatibilityVersion.release.xcconfig */;
			buildSettings = {
				ASSETCATALOG_COMPILER_APPICON_NAME = AppIcon;
				CODE_SIGN_STYLE = Automatic;
				DEVELOPMENT_TEAM = 8962NBL4F2;
				INFOPLIST_FILE = CocoapodIssueChangeCompatibilityVersion/Info.plist;
				LD_RUNPATH_SEARCH_PATHS = (
					"$(inherited)",
					"@executable_path/Frameworks",
				);
				PRODUCT_BUNDLE_IDENTIFIER = net.speakus.CocoapodIssueChangeCompatibilityVersion;
				PRODUCT_NAME = "$(TARGET_NAME)";
				SWIFT_VERSION = 5.0;
				TARGETED_DEVICE_FAMILY = "1,2";
			};
			name = Release;
		};
/* End XCBuildConfiguration section */

/* Begin XCConfigurationList section */
		EF9BB03A231EEF4E00EFE3BA /* Build configuration list for PBXProject "CocoapodIssueChangeCompatibilityVersion" */ = {
			isa = XCConfigurationList;
			buildConfigurations = (
				EF9BB04F231EEF4F00EFE3BA /* Debug */,
				EF9BB050231EEF4F00EFE3BA /* Release */,
			);
			defaultConfigurationIsVisible = 0;
			defaultConfigurationName = Release;
		};
		EF9BB051231EEF4F00EFE3BA /* Build configuration list for PBXNativeTarget "CocoapodIssueChangeCompatibilityVersion" */ = {
			isa = XCConfigurationList;
			buildConfigurations = (
				EF9BB052231EEF4F00EFE3BA /* Debug */,
				EF9BB053231EEF4F00EFE3BA /* Release */,
			);
			defaultConfigurationIsVisible = 0;
			defaultConfigurationName = Release;
		};
/* End XCConfigurationList section */
	};
	rootObject = EF9BB037231EEF4E00EFE3BA /* Project object */;
}
